# THIS IS AN AUTOGENERATED FILE. DO NOT EDIT THIS FILE DIRECTLY.
# yarn lockfile v1


bs-platform@^8.4.2:
  version "8.4.2"
  resolved "https://registry.yarnpkg.com/bs-platform/-/bs-platform-8.4.2.tgz#778dabd1dfb3bc95e0086c58dabae74e4ebdee8a"
  integrity sha512-9q7S4/LLV/a68CweN382NJdCCr/lOSsJR3oQYnmPK98ChfO/AdiA3lYQkQTp6T+U0I5Z5RypUAUprNstwDtMDQ==

reason-react@^0.9.1:
  version "0.9.1"
  resolved "https://registry.yarnpkg.com/reason-react/-/reason-react-0.9.1.tgz#30a887158200b659aa03e2d75ff4cc54dc462bb0"
  integrity sha512-nlH0O2TDy9KzOLOW+vlEQk4ExHOeciyzFdoLcsmmiit6hx6H5+CVDrwJ+8aiaLT/kqK5xFOjy4PS7PftWz4plA==
